
Microsoft Visual Studio Solution File, Format Version 12.00
# Visual Studio 2012
Project("{FAE04EC0-301F-11D3-BF4B-00C04F79EFBC}") = "AvalonDock.MVVMTestApp", "AvalonDock.MVVMTestApp\AvalonDock.MVVMTestApp.csproj", "{AFD48591-D66C-47F3-86E7-ACE5AD3D4FE4}"
EndProject
Project("{2150E333-8FDC-42A3-9474-1A3956D46DE8}") = "Test Projects", "Test Projects", "{1D267DDB-F2DE-4B70-87C1-E93A0C2D73F4}"
EndProject
Project("{FAE04EC0-301F-11D3-BF4B-00C04F79EFBC}") = "AvalonDock.Themes.VS2012", "AvalonDock.Theme.VS2012\AvalonDock.Themes.VS2012.csproj", "{4E9EACEA-4BA9-493D-A0B6-B78318D9C08F}"
EndProject
Global
	GlobalSection(SolutionConfigurationPlatforms) = preSolution
		Debug|Any CPU = Debug|Any CPU
		Debug|Mixed Platforms = Debug|Mixed Platforms
		Debug|x86 = Debug|x86
		Release|Any CPU = Release|Any CPU
		Release|Mixed Platforms = Release|Mixed Platforms
		Release|x86 = Release|x86
	EndGlobalSection
	GlobalSection(ProjectConfigurationPlatforms) = postSolution
		{AFD48591-D66C-47F3-86E7-ACE5AD3D4FE4}.Debug|Any CPU.ActiveCfg = Debug|x86
		{AFD48591-D66C-47F3-86E7-ACE5AD3D4FE4}.Debug|Mixed Platforms.ActiveCfg = Debug|x86
		{AFD48591-D66C-47F3-86E7-ACE5AD3D4FE4}.Debug|Mixed Platforms.Build.0 = Debug|x86
		{AFD48591-D66C-47F3-86E7-ACE5AD3D4FE4}.Debug|x86.ActiveCfg = Debug|x86
		{AFD48591-D66C-47F3-86E7-ACE5AD3D4FE4}.Debug|x86.Build.0 = Debug|x86
		{AFD48591-D66C-47F3-86E7-ACE5AD3D4FE4}.Release|Any CPU.ActiveCfg = Release|x86
		{AFD48591-D66C-47F3-86E7-ACE5AD3D4FE4}.Release|Mixed Platforms.ActiveCfg = Release|x86
		{AFD48591-D66C-47F3-86E7-ACE5AD3D4FE4}.Release|Mixed Platforms.Build.0 = Release|x86
		{AFD48591-D66C-47F3-86E7-ACE5AD3D4FE4}.Release|x86.ActiveCfg = Release|x86
		{AFD48591-D66C-47F3-86E7-ACE5AD3D4FE4}.Release|x86.Build.0 = Release|x86
		{4E9EACEA-4BA9-493D-A0B6-B78318D9C08F}.Debug|Any CPU.ActiveCfg = Debug|Any CPU
		{4E9EACEA-4BA9-493D-A0B6-B78318D9C08F}.Debug|Any CPU.Build.0 = Debug|Any CPU
		{4E9EACEA-4BA9-493D-A0B6-B78318D9C08F}.Debug|Mixed Platforms.ActiveCfg = Debug|Any CPU
		{4E9EACEA-4BA9-493D-A0B6-B78318D9C08F}.Debug|Mixed Platforms.Build.0 = Debug|Any CPU
		{4E9EACEA-4BA9-493D-A0B6-B78318D9C08F}.Debug|x86.ActiveCfg = Debug|Any CPU
		{4E9EACEA-4BA9-493D-A0B6-B78318D9C08F}.Release|Any CPU.ActiveCfg = Release|Any CPU
		{4E9EACEA-4BA9-493D-A0B6-B78318D9C08F}.Release|Any CPU.Build.0 = Release|Any CPU
		{4E9EACEA-4BA9-493D-A0B6-B78318D9C08F}.Release|Mixed Platforms.ActiveCfg = Release|Any CPU
		{4E9EACEA-4BA9-493D-A0B6-B78318D9C08F}.Release|Mixed Platforms.Build.0 = Release|Any CPU
		{4E9EACEA-4BA9-493D-A0B6-B78318D9C08F}.Release|x86.ActiveCfg = Release|Any CPU
	EndGlobalSection
	GlobalSection(SolutionProperties) = preSolution
		HideSolutionNode = FALSE
	EndGlobalSection
	GlobalSection(NestedProjects) = preSolution
		{AFD48591-D66C-47F3-86E7-ACE5AD3D4FE4} = {1D267DDB-F2DE-4B70-87C1-E93A0C2D73F4}
	EndGlobalSection
	GlobalSection(SubversionScc) = preSolution
		Svn-Managed = True
		Manager = AnkhSVN - Subversion Support for Visual Studio
	EndGlobalSection
EndGlobal
